// !$*UTF8*$!
{
	archiveVersion = 1;
	classes = {
	};
	objectVersion = 46;
	objects = {

/* Begin PBXBuildFile section */
		914598E51C83207800D6D16E /* SwAlert.framework in Frameworks */ = {isa = PBXBuildFile; fileRef = 914598E01C83205800D6D16E /* SwAlert.framework */; };
		914598E61C83207800D6D16E /* SwAlert.framework in Embed Frameworks */ = {isa = PBXBuildFile; fileRef = 914598E01C83205800D6D16E /* SwAlert.framework */; settings = {ATTRIBUTES = (CodeSignOnCopy, RemoveHeadersOnCopy, ); }; };
		91696F821C6AE26B0071EF18 /* AppDelegate.swift in Sources */ = {isa = PBXBuildFile; fileRef = 91696F811C6AE26B0071EF18 /* AppDelegate.swift */; };
		91696F841C6AE26B0071EF18 /* ViewController.swift in Sources */ = {isa = PBXBuildFile; fileRef = 91696F831C6AE26B0071EF18 /* ViewController.swift */; };
		91696F871C6AE26B0071EF18 /* Main.storyboard in Resources */ = {isa = PBXBuildFile; fileRef = 91696F851C6AE26B0071EF18 /* Main.storyboard */; };
		91696F891C6AE26B0071EF18 /* Assets.xcassets in Resources */ = {isa = PBXBuildFile; fileRef = 91696F881C6AE26B0071EF18 /* Assets.xcassets */; };
		91696F9E1C6AE4AF0071EF18 /* LaunchScreen.storyboard in Resources */ = {isa = PBXBuildFile; fileRef = 91696F9C1C6AE4AF0071EF18 /* LaunchScreen.storyboard */; };
/* End PBXBuildFile section */

/* Begin PBXContainerItemProxy section */
		914598DF1C83205800D6D16E /* PBXContainerItemProxy */ = {
			isa = PBXContainerItemProxy;
			containerPortal = 914598DA1C83205700D6D16E /* SwAlert.xcodeproj */;
			proxyType = 2;
			remoteGlobalIDString = 91696F5B1C6AE21E0071EF18;
			remoteInfo = SwAlert;
		};
		914598E11C83205800D6D16E /* PBXContainerItemProxy */ = {
			isa = PBXContainerItemProxy;
			containerPortal = 914598DA1C83205700D6D16E /* SwAlert.xcodeproj */;
			proxyType = 2;
			remoteGlobalIDString = 91696F651C6AE21F0071EF18;
			remoteInfo = SwAlertTests;
		};
		914598E31C83206A00D6D16E /* PBXContainerItemProxy */ = {
			isa = PBXContainerItemProxy;
			containerPortal = 914598DA1C83205700D6D16E /* SwAlert.xcodeproj */;
			proxyType = 1;
			remoteGlobalIDString = 91696F5A1C6AE21E0071EF18;
			remoteInfo = SwAlert;
		};
		914598E71C83207800D6D16E /* PBXContainerItemProxy */ = {
			isa = PBXContainerItemProxy;
			containerPortal = 914598DA1C83205700D6D16E /* SwAlert.xcodeproj */;
			proxyType = 1;
			remoteGlobalIDString = 91696F5A1C6AE21E0071EF18;
			remoteInfo = SwAlert;
		};
/* End PBXContainerItemProxy section */

/* Begin PBXCopyFilesBuildPhase section */
		914598E91C83207800D6D16E /* Embed Frameworks */ = {
			isa = PBXCopyFilesBuildPhase;
			buildActionMask = 2147483647;
			dstPath = "";
			dstSubfolderSpec = 10;
			files = (
				914598E61C83207800D6D16E /* SwAlert.framework in Embed Frameworks */,
			);
			name = "Embed Frameworks";
			runOnlyForDeploymentPostprocessing = 0;
		};
/* End PBXCopyFilesBuildPhase section */

/* Begin PBXFileReference section */
		914598DA1C83205700D6D16E /* SwAlert.xcodeproj */ = {isa = PBXFileReference; lastKnownFileType = "wrapper.pb-project"; path = SwAlert.xcodeproj; sourceTree = "<group>"; };
		91696F7E1C6AE26B0071EF18 /* Demo.app */ = {isa = PBXFileReference; explicitFileType = wrapper.application; includeInIndex = 0; path = Demo.app; sourceTree = BUILT_PRODUCTS_DIR; };
		91696F811C6AE26B0071EF18 /* AppDelegate.swift */ = {isa = PBXFileReference; lastKnownFileType = sourcecode.swift; path = AppDelegate.swift; sourceTree = "<group>"; };
		91696F831C6AE26B0071EF18 /* ViewController.swift */ = {isa = PBXFileReference; lastKnownFileType = sourcecode.swift; path = ViewController.swift; sourceTree = "<group>"; };
		91696F861C6AE26B0071EF18 /* Base */ = {isa = PBXFileReference; lastKnownFileType = file.storyboard; name = Base; path = Base.lproj/Main.storyboard; sourceTree = "<group>"; };
		91696F881C6AE26B0071EF18 /* Assets.xcassets */ = {isa = PBXFileReference; lastKnownFileType = folder.assetcatalog; path = Assets.xcassets; sourceTree = "<group>"; };
		91696F8D1C6AE26B0071EF18 /* Info.plist */ = {isa = PBXFileReference; lastKnownFileType = text.plist.xml; path = Info.plist; sourceTree = "<group>"; };
		91696F9D1C6AE4AF0071EF18 /* Base */ = {isa = PBXFileReference; lastKnownFileType = file.storyboard; name = Base; path = Base.lproj/LaunchScreen.storyboard; sourceTree = "<group>"; };
/* End PBXFileReference section */

/* Begin PBXFrameworksBuildPhase section */
		91696F7B1C6AE26B0071EF18 /* Frameworks */ = {
			isa = PBXFrameworksBuildPhase;
			buildActionMask = 2147483647;
			files = (
				914598E51C83207800D6D16E /* SwAlert.framework in Frameworks */,
			);
			runOnlyForDeploymentPostprocessing = 0;
		};
/* End PBXFrameworksBuildPhase section */

/* Begin PBXGroup section */
		914598DB1C83205700D6D16E /* Products */ = {
			isa = PBXGroup;
			children = (
				914598E01C83205800D6D16E /* SwAlert.framework */,
				914598E21C83205800D6D16E /* SwAlertTests.xctest */,
			);
			name = Products;
			sourceTree = "<group>";
		};
		91696F751C6AE26B0071EF18 = {
			isa = PBXGroup;
			children = (
				914598DA1C83205700D6D16E /* SwAlert.xcodeproj */,
				91696F801C6AE26B0071EF18 /* Demo */,
				91696F7F1C6AE26B0071EF18 /* Products */,
			);
			sourceTree = "<group>";
		};
		91696F7F1C6AE26B0071EF18 /* Products */ = {
			isa = PBXGroup;
			children = (
				91696F7E1C6AE26B0071EF18 /* Demo.app */,
			);
			name = Products;
			sourceTree = "<group>";
		};
		91696F801C6AE26B0071EF18 /* Demo */ = {
			isa = PBXGroup;
			children = (
				91696F811C6AE26B0071EF18 /* AppDelegate.swift */,
				91696F831C6AE26B0071EF18 /* ViewController.swift */,
				91696F851C6AE26B0071EF18 /* Main.storyboard */,
				91696F9C1C6AE4AF0071EF18 /* LaunchScreen.storyboard */,
				91696F881C6AE26B0071EF18 /* Assets.xcassets */,
				91696F8D1C6AE26B0071EF18 /* Info.plist */,
			);
			path = Demo;
			sourceTree = "<group>";
		};
/* End PBXGroup section */

/* Begin PBXNativeTarget section */
		91696F7D1C6AE26B0071EF18 /* Demo */ = {
			isa = PBXNativeTarget;
			buildConfigurationList = 91696F901C6AE26B0071EF18 /* Build configuration list for PBXNativeTarget "Demo" */;
			buildPhases = (
				91696F7A1C6AE26B0071EF18 /* Sources */,
				91696F7B1C6AE26B0071EF18 /* Frameworks */,
				91696F7C1C6AE26B0071EF18 /* Resources */,
				914598E91C83207800D6D16E /* Embed Frameworks */,
			);
			buildRules = (
			);
			dependencies = (
				914598E41C83206A00D6D16E /* PBXTargetDependency */,
				914598E81C83207800D6D16E /* PBXTargetDependency */,
			);
			name = Demo;
			productName = Demo;
			productReference = 91696F7E1C6AE26B0071EF18 /* Demo.app */;
			productType = "com.apple.product-type.application";
		};
/* End PBXNativeTarget section */

/* Begin PBXProject section */
		91696F761C6AE26B0071EF18 /* Project object */ = {
			isa = PBXProject;
			attributes = {
				LastSwiftUpdateCheck = 0720;
				LastUpgradeCheck = 0910;
				ORGANIZATIONNAME = xxxAIRINxxx;
				TargetAttributes = {
					91696F7D1C6AE26B0071EF18 = {
						CreatedOnToolsVersion = 7.2.1;
						DevelopmentTeam = P599PJHMNF;
					};
				};
			};
			buildConfigurationList = 91696F791C6AE26B0071EF18 /* Build configuration list for PBXProject "Demo" */;
			compatibilityVersion = "Xcode 3.2";
			developmentRegion = English;
			hasScannedForEncodings = 0;
			knownRegions = (
				en,
				Base,
			);
			mainGroup = 91696F751C6AE26B0071EF18;
			productRefGroup = 91696F7F1C6AE26B0071EF18 /* Products */;
			projectDirPath = "";
			projectReferences = (
				{
					ProductGroup = 914598DB1C83205700D6D16E /* Products */;
					ProjectRef = 914598DA1C83205700D6D16E /* SwAlert.xcodeproj */;
				},
			);
			projectRoot = "";
			targets = (
				91696F7D1C6AE26B0071EF18 /* Demo */,
			);
		};
/* End PBXProject section */

/* Begin PBXReferenceProxy section */
		914598E01C83205800D6D16E /* SwAlert.framework */ = {
			isa = PBXReferenceProxy;
			fileType = wrapper.framework;
			path = SwAlert.framework;
			remoteRef = 914598DF1C83205800D6D16E /* PBXContainerItemProxy */;
			sourceTree = BUILT_PRODUCTS_DIR;
		};
		914598E21C83205800D6D16E /* SwAlertTests.xctest */ = {
			isa = PBXReferenceProxy;
			fileType = wrapper.cfbundle;
			path = SwAlertTests.xctest;
			remoteRef = 914598E11C83205800D6D16E /* PBXContainerItemProxy */;
			sourceTree = BUILT_PRODUCTS_DIR;
		};
/* End PBXReferenceProxy section */

/* Begin PBXResourcesBuildPhase section */
		91696F7C1C6AE26B0071EF18 /* Resources */ = {
			isa = PBXResourcesBuildPhase;
			buildActionMask = 2147483647;
			files = (
				91696F9E1C6AE4AF0071EF18 /* LaunchScreen.storyboard in Resources */,
				91696F891C6AE26B0071EF18 /* Assets.xcassets in Resources */,
				91696F871C6AE26B0071EF18 /* Main.storyboard in Resources */,
			);
			runOnlyForDeploymentPostprocessing = 0;
		};
/* End PBXResourcesBuildPhase section */

/* Begin PBXSourcesBuildPhase section */
		91696F7A1C6AE26B0071EF18 /* Sources */ = {
			isa = PBXSourcesBuildPhase;
			buildActionMask = 2147483647;
			files = (
				91696F841C6AE26B0071EF18 /* ViewController.swift in Sources */,
				91696F821C6AE26B0071EF18 /* AppDelegate.swift in Sources */,
			);
			runOnlyForDeploymentPostprocessing = 0;
		};
/* End PBXSourcesBuildPhase section */

/* Begin PBXTargetDependency section */
		914598E41C83206A00D6D16E /* PBXTargetDependency */ = {
			isa = PBXTargetDependency;
			name = SwAlert;
			targetProxy = 914598E31C83206A00D6D16E /* PBXContainerItemProxy */;
		};
		914598E81C83207800D6D16E /* PBXTargetDependency */ = {
			isa = PBXTargetDependency;
			name = SwAlert;
			targetProxy = 914598E71C83207800D6D16E /* PBXContainerItemProxy */;
		};
/* End PBXTargetDependency section */

/* Begin PBXVariantGroup section */
		91696F851C6AE26B0071EF18 /* Main.storyboard */ = {
			isa = PBXVariantGroup;
			children = (
				91696F861C6AE26B0071EF18 /* Base */,
			);
			name = Main.storyboard;
			sourceTree = "<group>";
		};
		91696F9C1C6AE4AF0071EF18 /* LaunchScreen.storyboard */ = {
			isa = PBXVariantGroup;
			children = (
				91696F9D1C6AE4AF0071EF18 /* Base */,
			);
			name = LaunchScreen.storyboard;
			sourceTree = "<group>";
		};
/* End PBXVariantGroup section */

/* Begin XCBuildConfiguration section */
		91696F8E1C6AE26B0071EF18 /* Debug */ = {
			isa = XCBuildConfiguration;
			buildSettings = {
				ALWAYS_SEARCH_USER_PATHS = NO;
				CLANG_CXX_LANGUAGE_STANDARD = "gnu++0x";
				CLANG_CXX_LIBRARY = "libc++";
				CLANG_ENABLE_MODULES = YES;
				CLANG_ENABLE_OBJC_ARC = YES;
				CLANG_WARN_BLOCK_CAPTURE_AUTORELEASING = YES;
				CLANG_WARN_BOOL_CONVERSION = YES;
				CLANG_WARN_COMMA = YES;
				CLANG_WARN_CONSTANT_CONVERSION = YES;
				CLANG_WARN_DIRECT_OBJC_ISA_USAGE = YES_ERROR;
				CLANG_WARN_EMPTY_BODY = YES;
				CLANG_WARN_ENUM_CONVERSION = YES;
				CLANG_WARN_INFINITE_RECURSION = YES;
				CLANG_WARN_INT_CONVERSION = YES;
				CLANG_WARN_NON_LITERAL_NULL_CONVERSION = YES;
				CLANG_WARN_OBJC_LITERAL_CONVERSION = YES;
				CLANG_WARN_OBJC_ROOT_CLASS = YES_ERROR;
				CLANG_WARN_RANGE_LOOP_ANALYSIS = YES;
				CLANG_WARN_STRICT_PROTOTYPES = YES;
				CLANG_WARN_SUSPICIOUS_MOVE = YES;
				CLANG_WARN_UNREACHABLE_CODE = YES;
				CLANG_WARN__DUPLICATE_METHOD_MATCH = YES;
				"CODE_SIGN_IDENTITY[sdk=iphoneos*]" = "iPhone Developer";
				COPY_PHASE_STRIP = NO;
				DEBUG_INFORMATION_FORMAT = dwarf;
				ENABLE_STRICT_OBJC_MSGSEND = YES;
				ENABLE_TESTABILITY = YES;
				GCC_C_LANGUAGE_STANDARD = gnu99;
				GCC_DYNAMIC_NO_PIC = NO;
				GCC_NO_COMMON_BLOCKS = YES;
				GCC_OPTIMIZATION_LEVEL = 0;
				GCC_PREPROCESSOR_DEFINITIONS = (
					"DEBUG=1",
					"$(inherited)",
				);
				GCC_WARN_64_TO_32_BIT_CONVERSION = YES;
				GCC_WARN_ABOUT_RETURN_TYPE = YES_ERROR;
				GCC_WARN_UNDECLARED_SELECTOR = YES;
				GCC_WARN_UNINITIALIZED_AUTOS = YES_AGGRESSIVE;
				GCC_WARN_UNUSED_FUNCTION = YES;
				GCC_WARN_UNUSED_VARIABLE = YES;
				IPHONEOS_DEPLOYMENT_TARGET = 9.0;
				MTL_ENABLE_DEBUG_INFO = YES;
				ONLY_ACTIVE_ARCH = YES;
				SDKROOT = iphoneos;
				SWIFT_OPTIMIZATION_LEVEL = "-Onone";
			};
			name = Debug;
		};
		91696F8F1C6AE26B0071EF18 /* Release */ = {
			isa = XCBuildConfiguration;
			buildSettings = {
				ALWAYS_SEARCH_USER_PATHS = NO;
				CLANG_CXX_LANGUAGE_STANDARD = "gnu++0x";
				CLANG_CXX_LIBRARY = "libc++";
				CLANG_ENABLE_MODULES = YES;
				CLANG_ENABLE_OBJC_ARC = YES;
				CLANG_WARN_BLOCK_CAPTURE_AUTORELEASING = YES;
				CLANG_WARN_BOOL_CONVERSION = YES;
				CLANG_WARN_COMMA = YES;
				CLANG_WARN_CONSTANT_CONVERSION = YES;
				CLANG_WARN_DIRECT_OBJC_ISA_USAGE = YES_ERROR;
				CLANG_WARN_EMPTY_BODY = YES;
				CLANG_WARN_ENUM_CONVERSION = YES;
				CLANG_WARN_INFINITE_RECURSION = YES;
				CLANG_WARN_INT_CONVERSION = YES;
				CLANG_WARN_NON_LITERAL_NULL_CONVERSION = YES;
				CLANG_WARN_OBJC_LITERAL_CONVERSION = YES;
				CLANG_WARN_OBJC_ROOT_CLASS = YES_ERROR;
				CLANG_WARN_RANGE_LOOP_ANALYSIS = YES;
				CLANG_WARN_STRICT_PROTOTYPES = YES;
				CLANG_WARN_SUSPICIOUS_MOVE = YES;
				CLANG_WARN_UNREACHABLE_CODE = YES;
				CLANG_WARN__DUPLICATE_METHOD_MATCH = YES;
				"CODE_SIGN_IDENTITY[sdk=iphoneos*]" = "iPhone Developer";
				COPY_PHASE_STRIP = NO;
				DEBUG_INFORMATION_FORMAT = "dwarf-with-dsym";
				ENABLE_NS_ASSERTIONS = NO;
				ENABLE_STRICT_OBJC_MSGSEND = YES;
				GCC_C_LANGUAGE_STANDARD = gnu99;
				GCC_NO_COMMON_BLOCKS = YES;
				GCC_WARN_64_TO_32_BIT_CONVERSION = YES;
				GCC_WARN_ABOUT_RETURN_TYPE = YES_ERROR;
				GCC_WARN_UNDECLARED_SELECTOR = YES;
				GCC_WARN_UNINITIALIZED_AUTOS = YES_AGGRESSIVE;
				GCC_WARN_UNUSED_FUNCTION = YES;
				GCC_WARN_UNUSED_VARIABLE = YES;
				IPHONEOS_DEPLOYMENT_TARGET = 9.0;
				MTL_ENABLE_DEBUG_INFO = NO;
				SDKROOT = iphoneos;
				SWIFT_OPTIMIZATION_LEVEL = "-Owholemodule";
				VALIDATE_PRODUCT = YES;
			};
			name = Release;
		};
		91696F911C6AE26B0071EF18 /* Debug */ = {
			isa = XCBuildConfiguration;
			buildSettings = {
				ALWAYS_EMBED_SWIFT_STANDARD_LIBRARIES = YES;
				ASSETCATALOG_COMPILER_APPICON_NAME = AppIcon;
				DEVELOPMENT_TEAM = P599PJHMNF;
				INFOPLIST_FILE = Demo/Info.plist;
				LD_RUNPATH_SEARCH_PATHS = "$(inherited) @executable_path/Frameworks";
				PRODUCT_BUNDLE_IDENTIFIER = xxxAIRINxxx.Demo;
				PRODUCT_NAME = "$(TARGET_NAME)";
				SWIFT_VERSION = 3.0;
			};
			name = Debug;
		};
		91696F921C6AE26B0071EF18 /* Release */ = {
			isa = XCBuildConfiguration;
			buildSettings = {
				ALWAYS_EMBED_SWIFT_STANDARD_LIBRARIES = YES;
				ASSETCATALOG_COMPILER_APPICON_NAME = AppIcon;
				DEVELOPMENT_TEAM = P599PJHMNF;
				INFOPLIST_FILE = Demo/Info.plist;
				LD_RUNPATH_SEARCH_PATHS = "$(inherited) @executable_path/Frameworks";
				PRODUCT_BUNDLE_IDENTIFIER = xxxAIRINxxx.Demo;
				PRODUCT_NAME = "$(TARGET_NAME)";
				SWIFT_VERSION = 3.0;
			};
			name = Release;
		};
/* End XCBuildConfiguration section */

/* Begin XCConfigurationList section */
		91696F791C6AE26B0071EF18 /* Build configuration list for PBXProject "Demo" */ = {
			isa = XCConfigurationList;
			buildConfigurations = (
				91696F8E1C6AE26B0071EF18 /* Debug */,
				91696F8F1C6AE26B0071EF18 /* Release */,
			);
			defaultConfigurationIsVisible = 0;
			defaultConfigurationName = Release;
		};
		91696F901C6AE26B0071EF18 /* Build configuration list for PBXNativeTarget "Demo" */ = {
			isa = XCConfigurationList;
			buildConfigurations = (
				91696F911C6AE26B0071EF18 /* Debug */,
				91696F921C6AE26B0071EF18 /* Release */,
			);
			defaultConfigurationIsVisible = 0;
			defaultConfigurationName = Release;
		};
/* End XCConfigurationList section */
	};
	rootObject = 91696F761C6AE26B0071EF18 /* Project object */;
}
